<Solution>
  <Folder Name="/src/">
    <Project Path="src/ProManagerOnline.Site.Application/ProManagerOnline.Site.Application.csproj" />
    <Project Path="src/ProManagerOnline.Site.Domain/ProManagerOnline.Site.Domain.csproj" />
    <Project Path="src/ProManagerOnline.Site.Infrastructure/ProManagerOnline.Site.Infrastructure.csproj" />
    <Project Path="src/ProManagerOnline.Site.Web/ProManagerOnline.Site.Web.csproj" />
    <Project Path="src/ProManagerOnline.Site.Web.Client/ProManagerOnline.Site.Web.Client.csproj" />
  </Folder>
  <Folder Name="/tests/">
    <Project Path="tests/ProManagerOnline.Site.Application.Tests/ProManagerOnline.Site.Application.Tests.csproj" />
    <Project Path="tests/ProManagerOnline.Site.Domain.Tests/ProManagerOnline.Site.Domain.Tests.csproj" />
    <Project Path="tests/ProManagerOnline.Site.Infrastructure.Tests/ProManagerOnline.Site.Infrastructure.Tests.csproj" />
  </Folder>
</Solution>
